	<Project xmlns="http://schemas.microsoft.com/developer/msbuild/2003">
		<PropertyGroup>
			<ProjectGuid>{AE02047F-420C-43D9-870D-246783618B2A}</ProjectGuid>
			<ProjectVersion>12.0</ProjectVersion>
			<MainSource>game.dpr</MainSource>
			<Config Condition="'$(Config)'==''">Debug</Config>
			<DCC_DCCCompiler>DCC32</DCC_DCCCompiler>
		</PropertyGroup>
		<PropertyGroup Condition="'$(Config)'=='Base' or '$(Base)'!=''">
			<Base>true</Base>
		</PropertyGroup>
		<PropertyGroup Condition="'$(Config)'=='Release' or '$(Cfg_1)'!=''">
			<Cfg_1>true</Cfg_1>
			<CfgParent>Base</CfgParent>
			<Base>true</Base>
		</PropertyGroup>
		<PropertyGroup Condition="'$(Config)'=='Debug' or '$(Cfg_2)'!=''">
			<Cfg_2>true</Cfg_2>
			<CfgParent>Base</CfgParent>
			<Base>true</Base>
		</PropertyGroup>
		<PropertyGroup Condition="'$(Base)'!=''">
			<DCC_ExeOutput>.\build</DCC_ExeOutput>
			<DCC_DependencyCheckOutputName>build\game.exe</DCC_DependencyCheckOutputName>
			<DCC_ImageBase>00400000</DCC_ImageBase>
			<DCC_UnitAlias>WinTypes=Windows;WinProcs=Windows;DbiTypes=BDE;DbiProcs=BDE;DbiErrs=BDE;$(DCC_UnitAlias)</DCC_UnitAlias>
			<DCC_Platform>x86</DCC_Platform>
			<DCC_E>false</DCC_E>
			<DCC_N>false</DCC_N>
			<DCC_S>false</DCC_S>
			<DCC_F>false</DCC_F>
			<DCC_K>false</DCC_K>
		</PropertyGroup>
		<PropertyGroup Condition="'$(Cfg_1)'!=''">
			<DCC_LocalDebugSymbols>false</DCC_LocalDebugSymbols>
			<DCC_Define>RELEASE;$(DCC_Define)</DCC_Define>
			<DCC_SymbolReferenceInfo>0</DCC_SymbolReferenceInfo>
			<DCC_DebugInformation>false</DCC_DebugInformation>
		</PropertyGroup>
		<PropertyGroup Condition="'$(Cfg_2)'!=''">
			<DCC_Define>DEBUG;$(DCC_Define)</DCC_Define>
		</PropertyGroup>
		<ItemGroup>
			<DelphiCompile Include="game.dpr">
				<MainSource>MainSource</MainSource>
			</DelphiCompile>
			<RcCompile Include="UI\resources\uires.rc">
				<ContainerId>RC</ContainerId>
				<ContainerId>RC</ContainerId>
				<Form>uires.res</Form>
			</RcCompile>
			<RcCompile Include="UI\components\resources\uicomponentres.rc">
				<ContainerId>RC</ContainerId>
				<ContainerId>RC</ContainerId>
				<Form>uicomponentres.res</Form>
			</RcCompile>
			<RcCompile Include="UI\game_components\resources\game_components_res.rc">
				<ContainerId>RC</ContainerId>
				<ContainerId>RC</ContainerId>
				<Form>game_components_res.res</Form>
			</RcCompile>
			<RcCompile Include="UI\textures\textureres.rc">
				<ContainerId>RC</ContainerId>
				<ContainerId>RC</ContainerId>
				<Form>textureres.res</Form>
			</RcCompile>
			<DCCReference Include="launcher.pas">
				<Form>frmLauncher</Form>
			</DCCReference>
			<DCCReference Include="server.pas"/>
			<DCCReference Include="client.pas"/>
			<DCCReference Include="dbUnit.pas">
				<Form>dmDB</Form>
				<DesignClass>TDataModule</DesignClass>
			</DCCReference>
			<DCCReference Include="helpers.pas"/>
			<DCCReference Include="userWizard.pas">
				<Form>frmUserEditor</Form>
			</DCCReference>
			<DCCReference Include="serverConfig.pas"/>
			<DCCReference Include="UI\startUI.pas"/>
			<DCCReference Include="UI\clientUI.pas"/>
			<DCCReference Include="UI\gameUI.pas"/>
			<DCCReference Include="UI\serversUI.pas"/>
			<DCCReference Include="UI\components\UIButton.pas"/>
			<DCCReference Include="UI\components\UIContainer.pas"/>
			<DCCReference Include="UI\tradeUI.pas"/>
			<DCCReference Include="serverSessions.pas"/>
			<DCCReference Include="UI\components\UIImgButton.pas"/>
			<DCCReference Include="dependencies\Textures.pas"/>
			<DCCReference Include="UI\game_components\pkmCard.pas"/>
			<DCCReference Include="gameLogic.pas"/>
			<DCCReference Include="gameState.pas"/>
			<DCCReference Include="cardDeck.pas"/>
			<DCCReference Include="clientState.pas"/>
			<DCCReference Include="UI\preGameUI.pas"/>
			<BuildConfiguration Include="Base">
				<Key>Base</Key>
			</BuildConfiguration>
			<BuildConfiguration Include="Debug">
				<Key>Cfg_2</Key>
				<CfgParent>Base</CfgParent>
			</BuildConfiguration>
			<BuildConfiguration Include="Release">
				<Key>Cfg_1</Key>
				<CfgParent>Base</CfgParent>
			</BuildConfiguration>
		</ItemGroup>
		<Import Project="$(BDS)\Bin\CodeGear.Delphi.Targets" Condition="Exists('$(BDS)\Bin\CodeGear.Delphi.Targets')"/>
		<ProjectExtensions>
			<Borland.Personality>Delphi.Personality.12</Borland.Personality>
			<Borland.ProjectType/>
			<BorlandProject>
				<Delphi.Personality>
					<Parameters>
						<Parameters Name="UseLauncher">False</Parameters>
						<Parameters Name="LoadAllSymbols">True</Parameters>
						<Parameters Name="LoadUnspecifiedSymbols">False</Parameters>
					</Parameters>
					<VersionInfo>
						<VersionInfo Name="IncludeVerInfo">True</VersionInfo>
						<VersionInfo Name="AutoIncBuild">False</VersionInfo>
						<VersionInfo Name="MajorVer">1</VersionInfo>
						<VersionInfo Name="MinorVer">0</VersionInfo>
						<VersionInfo Name="Release">0</VersionInfo>
						<VersionInfo Name="Build">0</VersionInfo>
						<VersionInfo Name="Debug">False</VersionInfo>
						<VersionInfo Name="PreRelease">False</VersionInfo>
						<VersionInfo Name="Special">False</VersionInfo>
						<VersionInfo Name="Private">False</VersionInfo>
						<VersionInfo Name="DLL">False</VersionInfo>
						<VersionInfo Name="Locale">1033</VersionInfo>
						<VersionInfo Name="CodePage">1252</VersionInfo>
					</VersionInfo>
					<VersionInfoKeys>
						<VersionInfoKeys Name="CompanyName"/>
						<VersionInfoKeys Name="FileDescription">game</VersionInfoKeys>
						<VersionInfoKeys Name="FileVersion">1.0.0.0</VersionInfoKeys>
						<VersionInfoKeys Name="InternalName"/>
						<VersionInfoKeys Name="LegalCopyright"/>
						<VersionInfoKeys Name="LegalTrademarks"/>
						<VersionInfoKeys Name="OriginalFilename"/>
						<VersionInfoKeys Name="ProductName">game</VersionInfoKeys>
						<VersionInfoKeys Name="ProductVersion">1.0.0.0</VersionInfoKeys>
						<VersionInfoKeys Name="Comments"/>
						<VersionInfoKeys Name="ProgramID">com.embarcadero.game</VersionInfoKeys>
					</VersionInfoKeys>
					<Source>
						<Source Name="MainSource">game.dpr</Source>
					</Source>
				</Delphi.Personality>
				<ModelSupport>False</ModelSupport>
			</BorlandProject>
			<ProjectFileVersion>12</ProjectFileVersion>
		</ProjectExtensions>
	</Project>
